
Microsoft Visual Studio Solution File, Format Version 12.00
# Visual Studio Version 17
VisualStudioVersion = 17.5.002.0
MinimumVisualStudioVersion = 10.0.40219.1
Project("{9A19103F-16F7-4668-BE54-9A1E7A4F7556}") = "conditions2", "conditions2.csproj", "{6C08EAC4-007F-4A27-BB65-61378B06B317}"
EndProject
Global
	GlobalSection(SolutionConfigurationPlatforms) = preSolution
		Debug|Any CPU = Debug|Any CPU
		Release|Any CPU = Release|Any CPU
	EndGlobalSection
	GlobalSection(ProjectConfigurationPlatforms) = postSolution
		{6C08EAC4-007F-4A27-BB65-61378B06B317}.Debug|Any CPU.ActiveCfg = Debug|Any CPU
		{6C08EAC4-007F-4A27-BB65-61378B06B317}.Debug|Any CPU.Build.0 = Debug|Any CPU
		{6C08EAC4-007F-4A27-BB65-61378B06B317}.Release|Any CPU.ActiveCfg = Release|Any CPU
		{6C08EAC4-007F-4A27-BB65-61378B06B317}.Release|Any CPU.Build.0 = Release|Any CPU
	EndGlobalSection
	GlobalSection(SolutionProperties) = preSolution
		HideSolutionNode = FALSE
	EndGlobalSection
	GlobalSection(ExtensibilityGlobals) = postSolution
		SolutionGuid = {58A565FD-3B09-4FC4-8D75-B61AA8C0E5A5}
	EndGlobalSection
EndGlobal
