
Microsoft Visual Studio Solution File, Format Version 12.00
# Visual Studio Version 17
VisualStudioVersion = 17.5.002.0
MinimumVisualStudioVersion = 10.0.40219.1
Project("{9A19103F-16F7-4668-BE54-9A1E7A4F7556}") = "fizzBuzz", "fizzBuzz.csproj", "{91705146-1243-459E-B375-228794CCB80B}"
EndProject
Global
	GlobalSection(SolutionConfigurationPlatforms) = preSolution
		Debug|Any CPU = Debug|Any CPU
		Release|Any CPU = Release|Any CPU
	EndGlobalSection
	GlobalSection(ProjectConfigurationPlatforms) = postSolution
		{91705146-1243-459E-B375-228794CCB80B}.Debug|Any CPU.ActiveCfg = Debug|Any CPU
		{91705146-1243-459E-B375-228794CCB80B}.Debug|Any CPU.Build.0 = Debug|Any CPU
		{91705146-1243-459E-B375-228794CCB80B}.Release|Any CPU.ActiveCfg = Release|Any CPU
		{91705146-1243-459E-B375-228794CCB80B}.Release|Any CPU.Build.0 = Release|Any CPU
	EndGlobalSection
	GlobalSection(SolutionProperties) = preSolution
		HideSolutionNode = FALSE
	EndGlobalSection
	GlobalSection(ExtensibilityGlobals) = postSolution
		SolutionGuid = {CFAD1237-EDB6-481F-B54A-397BED65BE38}
	EndGlobalSection
EndGlobal
