
Microsoft Visual Studio Solution File, Format Version 12.00
# Visual Studio Version 17
VisualStudioVersion = 17.5.002.0
MinimumVisualStudioVersion = 10.0.40219.1
Project("{9A19103F-16F7-4668-BE54-9A1E7A4F7556}") = "terminalGame", "terminalGame.csproj", "{28850D73-91A9-4DB8-B25B-F5ADD60A2ACD}"
EndProject
Global
	GlobalSection(SolutionConfigurationPlatforms) = preSolution
		Debug|Any CPU = Debug|Any CPU
		Release|Any CPU = Release|Any CPU
	EndGlobalSection
	GlobalSection(ProjectConfigurationPlatforms) = postSolution
		{28850D73-91A9-4DB8-B25B-F5ADD60A2ACD}.Debug|Any CPU.ActiveCfg = Debug|Any CPU
		{28850D73-91A9-4DB8-B25B-F5ADD60A2ACD}.Debug|Any CPU.Build.0 = Debug|Any CPU
		{28850D73-91A9-4DB8-B25B-F5ADD60A2ACD}.Release|Any CPU.ActiveCfg = Release|Any CPU
		{28850D73-91A9-4DB8-B25B-F5ADD60A2ACD}.Release|Any CPU.Build.0 = Release|Any CPU
	EndGlobalSection
	GlobalSection(SolutionProperties) = preSolution
		HideSolutionNode = FALSE
	EndGlobalSection
	GlobalSection(ExtensibilityGlobals) = postSolution
		SolutionGuid = {6CA56CBD-905B-42E0-89F4-25F5801459D9}
	EndGlobalSection
EndGlobal
