
Microsoft Visual Studio Solution File, Format Version 12.00
# Visual Studio Version 17
VisualStudioVersion = 17.5.002.0
MinimumVisualStudioVersion = 10.0.40219.1
Project("{9A19103F-16F7-4668-BE54-9A1E7A4F7556}") = "challengeActivity", "challengeActivity.csproj", "{752FA1AE-E638-4B3C-900D-10A0F3777B24}"
EndProject
Global
	GlobalSection(SolutionConfigurationPlatforms) = preSolution
		Debug|Any CPU = Debug|Any CPU
		Release|Any CPU = Release|Any CPU
	EndGlobalSection
	GlobalSection(ProjectConfigurationPlatforms) = postSolution
		{752FA1AE-E638-4B3C-900D-10A0F3777B24}.Debug|Any CPU.ActiveCfg = Debug|Any CPU
		{752FA1AE-E638-4B3C-900D-10A0F3777B24}.Debug|Any CPU.Build.0 = Debug|Any CPU
		{752FA1AE-E638-4B3C-900D-10A0F3777B24}.Release|Any CPU.ActiveCfg = Release|Any CPU
		{752FA1AE-E638-4B3C-900D-10A0F3777B24}.Release|Any CPU.Build.0 = Release|Any CPU
	EndGlobalSection
	GlobalSection(SolutionProperties) = preSolution
		HideSolutionNode = FALSE
	EndGlobalSection
	GlobalSection(ExtensibilityGlobals) = postSolution
		SolutionGuid = {269DF528-D03A-4FC2-B36C-0B0B8204F52E}
	EndGlobalSection
EndGlobal
