
Microsoft Visual Studio Solution File, Format Version 12.00
# Visual Studio Version 17
VisualStudioVersion = 17.5.002.0
MinimumVisualStudioVersion = 10.0.40219.1
Project("{9A19103F-16F7-4668-BE54-9A1E7A4F7556}") = "overload", "overload.csproj", "{5793F4FA-1D4E-4A60-9980-04453EE8DCC7}"
EndProject
Global
	GlobalSection(SolutionConfigurationPlatforms) = preSolution
		Debug|Any CPU = Debug|Any CPU
		Release|Any CPU = Release|Any CPU
	EndGlobalSection
	GlobalSection(ProjectConfigurationPlatforms) = postSolution
		{5793F4FA-1D4E-4A60-9980-04453EE8DCC7}.Debug|Any CPU.ActiveCfg = Debug|Any CPU
		{5793F4FA-1D4E-4A60-9980-04453EE8DCC7}.Debug|Any CPU.Build.0 = Debug|Any CPU
		{5793F4FA-1D4E-4A60-9980-04453EE8DCC7}.Release|Any CPU.ActiveCfg = Release|Any CPU
		{5793F4FA-1D4E-4A60-9980-04453EE8DCC7}.Release|Any CPU.Build.0 = Release|Any CPU
	EndGlobalSection
	GlobalSection(SolutionProperties) = preSolution
		HideSolutionNode = FALSE
	EndGlobalSection
	GlobalSection(ExtensibilityGlobals) = postSolution
		SolutionGuid = {8E1F063D-6834-43CD-922E-079BFF209902}
	EndGlobalSection
EndGlobal
